// !$*UTF8*$!
{
	archiveVersion = 1;
	classes = {
	};
	objectVersion = 48;
	objects = {

/* Begin PBXBuildFile section */
		18B66F30D40841EF7F2B36FA /* Pods_CrewstagramTests.framework in Frameworks */ = {isa = PBXBuildFile; fileRef = 6FA99449DFFC38DDA89F8154 /* Pods_CrewstagramTests.framework */; };
		242C61B41F889DDC0086B81D /* AppDelegate.swift in Sources */ = {isa = PBXBuildFile; fileRef = 242C61B31F889DDC0086B81D /* AppDelegate.swift */; };
		242C61B91F889DDC0086B81D /* Main.storyboard in Resources */ = {isa = PBXBuildFile; fileRef = 242C61B71F889DDC0086B81D /* Main.storyboard */; };
		242C61BC1F889DDC0086B81D /* Crewstagram.xcdatamodeld in Sources */ = {isa = PBXBuildFile; fileRef = 242C61BA1F889DDC0086B81D /* Crewstagram.xcdatamodeld */; };
		242C61BE1F889DDC0086B81D /* Assets.xcassets in Resources */ = {isa = PBXBuildFile; fileRef = 242C61BD1F889DDC0086B81D /* Assets.xcassets */; };
		242C61C11F889DDC0086B81D /* LaunchScreen.storyboard in Resources */ = {isa = PBXBuildFile; fileRef = 242C61BF1F889DDC0086B81D /* LaunchScreen.storyboard */; };
		242C61CC1F889DDC0086B81D /* CrewstagramTests.swift in Sources */ = {isa = PBXBuildFile; fileRef = 242C61CB1F889DDC0086B81D /* CrewstagramTests.swift */; };
		242C61D71F889DDC0086B81D /* CrewstagramUITests.swift in Sources */ = {isa = PBXBuildFile; fileRef = 242C61D61F889DDC0086B81D /* CrewstagramUITests.swift */; };
		242C61F51F88A5540086B81D /* Comment+CoreDataClass.swift in Sources */ = {isa = PBXBuildFile; fileRef = 242C61F11F88A5540086B81D /* Comment+CoreDataClass.swift */; };
		242C61F61F88A5540086B81D /* Comment+CoreDataClass.swift in Sources */ = {isa = PBXBuildFile; fileRef = 242C61F11F88A5540086B81D /* Comment+CoreDataClass.swift */; };
		242C61F71F88A5540086B81D /* Comment+CoreDataProperties.swift in Sources */ = {isa = PBXBuildFile; fileRef = 242C61F21F88A5540086B81D /* Comment+CoreDataProperties.swift */; };
		242C61F81F88A5540086B81D /* Comment+CoreDataProperties.swift in Sources */ = {isa = PBXBuildFile; fileRef = 242C61F21F88A5540086B81D /* Comment+CoreDataProperties.swift */; };
		242C61F91F88A5540086B81D /* CrewImage+CoreDataClass.swift in Sources */ = {isa = PBXBuildFile; fileRef = 242C61F31F88A5540086B81D /* CrewImage+CoreDataClass.swift */; };
		242C61FA1F88A5540086B81D /* CrewImage+CoreDataClass.swift in Sources */ = {isa = PBXBuildFile; fileRef = 242C61F31F88A5540086B81D /* CrewImage+CoreDataClass.swift */; };
		242C61FB1F88A5540086B81D /* CrewImage+CoreDataProperties.swift in Sources */ = {isa = PBXBuildFile; fileRef = 242C61F41F88A5540086B81D /* CrewImage+CoreDataProperties.swift */; };
		242C61FC1F88A5540086B81D /* CrewImage+CoreDataProperties.swift in Sources */ = {isa = PBXBuildFile; fileRef = 242C61F41F88A5540086B81D /* CrewImage+CoreDataProperties.swift */; };
		242C62021F8988CF0086B81D /* RootViewController.swift in Sources */ = {isa = PBXBuildFile; fileRef = 242C62011F8988CF0086B81D /* RootViewController.swift */; };
		242C62031F8988CF0086B81D /* RootViewController.swift in Sources */ = {isa = PBXBuildFile; fileRef = 242C62011F8988CF0086B81D /* RootViewController.swift */; };
		242C62051F8989170086B81D /* CrewImageTableViewCell.swift in Sources */ = {isa = PBXBuildFile; fileRef = 242C62041F8989170086B81D /* CrewImageTableViewCell.swift */; };
		242C62061F8989170086B81D /* CrewImageTableViewCell.swift in Sources */ = {isa = PBXBuildFile; fileRef = 242C62041F8989170086B81D /* CrewImageTableViewCell.swift */; };
		242C620C1F89936E0086B81D /* CoreDataStack.swift in Sources */ = {isa = PBXBuildFile; fileRef = 242C620B1F89936E0086B81D /* CoreDataStack.swift */; };
		242C620D1F89936E0086B81D /* CoreDataStack.swift in Sources */ = {isa = PBXBuildFile; fileRef = 242C620B1F89936E0086B81D /* CoreDataStack.swift */; };
		898005D62C2E407C1F7E07B9 /* Pods_Crewstagram.framework in Frameworks */ = {isa = PBXBuildFile; fileRef = DE650269E9EB1A0049C58652 /* Pods_Crewstagram.framework */; };
		E96BFD72E02E5E1233384599 /* Pods_CrewstagramUITests.framework in Frameworks */ = {isa = PBXBuildFile; fileRef = F1093663EE1F2F5C8194FE2C /* Pods_CrewstagramUITests.framework */; };
/* End PBXBuildFile section */

/* Begin PBXContainerItemProxy section */
		242C61C81F889DDC0086B81D /* PBXContainerItemProxy */ = {
			isa = PBXContainerItemProxy;
			containerPortal = 242C61A81F889DDC0086B81D /* Project object */;
			proxyType = 1;
			remoteGlobalIDString = 242C61AF1F889DDC0086B81D;
			remoteInfo = Crewstagram;
		};
		242C61D31F889DDC0086B81D /* PBXContainerItemProxy */ = {
			isa = PBXContainerItemProxy;
			containerPortal = 242C61A81F889DDC0086B81D /* Project object */;
			proxyType = 1;
			remoteGlobalIDString = 242C61AF1F889DDC0086B81D;
			remoteInfo = Crewstagram;
		};
/* End PBXContainerItemProxy section */

/* Begin PBXFileReference section */
		242C61B01F889DDC0086B81D /* Crewstagram.app */ = {isa = PBXFileReference; explicitFileType = wrapper.application; includeInIndex = 0; path = Crewstagram.app; sourceTree = BUILT_PRODUCTS_DIR; };
		242C61B31F889DDC0086B81D /* AppDelegate.swift */ = {isa = PBXFileReference; lastKnownFileType = sourcecode.swift; path = AppDelegate.swift; sourceTree = "<group>"; };
		242C61B81F889DDC0086B81D /* Base */ = {isa = PBXFileReference; lastKnownFileType = file.storyboard; name = Base; path = Base.lproj/Main.storyboard; sourceTree = "<group>"; };
		242C61BB1F889DDC0086B81D /* Crewstagram.xcdatamodel */ = {isa = PBXFileReference; lastKnownFileType = wrapper.xcdatamodel; path = Crewstagram.xcdatamodel; sourceTree = "<group>"; };
		242C61BD1F889DDC0086B81D /* Assets.xcassets */ = {isa = PBXFileReference; lastKnownFileType = folder.assetcatalog; path = Assets.xcassets; sourceTree = "<group>"; };
		242C61C01F889DDC0086B81D /* Base */ = {isa = PBXFileReference; lastKnownFileType = file.storyboard; name = Base; path = Base.lproj/LaunchScreen.storyboard; sourceTree = "<group>"; };
		242C61C21F889DDC0086B81D /* Info.plist */ = {isa = PBXFileReference; lastKnownFileType = text.plist.xml; path = Info.plist; sourceTree = "<group>"; };
		242C61C71F889DDC0086B81D /* CrewstagramTests.xctest */ = {isa = PBXFileReference; explicitFileType = wrapper.cfbundle; includeInIndex = 0; path = CrewstagramTests.xctest; sourceTree = BUILT_PRODUCTS_DIR; };
		242C61CB1F889DDC0086B81D /* CrewstagramTests.swift */ = {isa = PBXFileReference; lastKnownFileType = sourcecode.swift; path = CrewstagramTests.swift; sourceTree = "<group>"; };
		242C61CD1F889DDC0086B81D /* Info.plist */ = {isa = PBXFileReference; lastKnownFileType = text.plist.xml; path = Info.plist; sourceTree = "<group>"; };
		242C61D21F889DDC0086B81D /* CrewstagramUITests.xctest */ = {isa = PBXFileReference; explicitFileType = wrapper.cfbundle; includeInIndex = 0; path = CrewstagramUITests.xctest; sourceTree = BUILT_PRODUCTS_DIR; };
		242C61D61F889DDC0086B81D /* CrewstagramUITests.swift */ = {isa = PBXFileReference; lastKnownFileType = sourcecode.swift; path = CrewstagramUITests.swift; sourceTree = "<group>"; };
		242C61D81F889DDC0086B81D /* Info.plist */ = {isa = PBXFileReference; lastKnownFileType = text.plist.xml; path = Info.plist; sourceTree = "<group>"; };
		242C61F11F88A5540086B81D /* Comment+CoreDataClass.swift */ = {isa = PBXFileReference; lastKnownFileType = sourcecode.swift; path = "Comment+CoreDataClass.swift"; sourceTree = "<group>"; };
		242C61F21F88A5540086B81D /* Comment+CoreDataProperties.swift */ = {isa = PBXFileReference; lastKnownFileType = sourcecode.swift; path = "Comment+CoreDataProperties.swift"; sourceTree = "<group>"; };
		242C61F31F88A5540086B81D /* CrewImage+CoreDataClass.swift */ = {isa = PBXFileReference; lastKnownFileType = sourcecode.swift; path = "CrewImage+CoreDataClass.swift"; sourceTree = "<group>"; };
		242C61F41F88A5540086B81D /* CrewImage+CoreDataProperties.swift */ = {isa = PBXFileReference; lastKnownFileType = sourcecode.swift; path = "CrewImage+CoreDataProperties.swift"; sourceTree = "<group>"; };
		242C62011F8988CF0086B81D /* RootViewController.swift */ = {isa = PBXFileReference; lastKnownFileType = sourcecode.swift; path = RootViewController.swift; sourceTree = "<group>"; };
		242C62041F8989170086B81D /* CrewImageTableViewCell.swift */ = {isa = PBXFileReference; lastKnownFileType = sourcecode.swift; path = CrewImageTableViewCell.swift; sourceTree = "<group>"; };
		242C620B1F89936E0086B81D /* CoreDataStack.swift */ = {isa = PBXFileReference; lastKnownFileType = sourcecode.swift; path = CoreDataStack.swift; sourceTree = "<group>"; };
		4A45A23A161535C30F312570 /* Pods-CrewstagramTests.release.xcconfig */ = {isa = PBXFileReference; includeInIndex = 1; lastKnownFileType = text.xcconfig; name = "Pods-CrewstagramTests.release.xcconfig"; path = "Pods/Target Support Files/Pods-CrewstagramTests/Pods-CrewstagramTests.release.xcconfig"; sourceTree = "<group>"; };
		57249B445C716AE414966804 /* Pods-CrewstagramTests.debug.xcconfig */ = {isa = PBXFileReference; includeInIndex = 1; lastKnownFileType = text.xcconfig; name = "Pods-CrewstagramTests.debug.xcconfig"; path = "Pods/Target Support Files/Pods-CrewstagramTests/Pods-CrewstagramTests.debug.xcconfig"; sourceTree = "<group>"; };
		580CC457DF396C8A6234B91B /* Pods-Crewstagram.debug.xcconfig */ = {isa = PBXFileReference; includeInIndex = 1; lastKnownFileType = text.xcconfig; name = "Pods-Crewstagram.debug.xcconfig"; path = "Pods/Target Support Files/Pods-Crewstagram/Pods-Crewstagram.debug.xcconfig"; sourceTree = "<group>"; };
		6FA99449DFFC38DDA89F8154 /* Pods_CrewstagramTests.framework */ = {isa = PBXFileReference; explicitFileType = wrapper.framework; includeInIndex = 0; path = Pods_CrewstagramTests.framework; sourceTree = BUILT_PRODUCTS_DIR; };
		8E3C6AA1A357AE79DF613BF7 /* Pods-CrewstagramUITests.release.xcconfig */ = {isa = PBXFileReference; includeInIndex = 1; lastKnownFileType = text.xcconfig; name = "Pods-CrewstagramUITests.release.xcconfig"; path = "Pods/Target Support Files/Pods-CrewstagramUITests/Pods-CrewstagramUITests.release.xcconfig"; sourceTree = "<group>"; };
		B68CCC1EB7734E6A997A4F4F /* Pods-CrewstagramUITests.debug.xcconfig */ = {isa = PBXFileReference; includeInIndex = 1; lastKnownFileType = text.xcconfig; name = "Pods-CrewstagramUITests.debug.xcconfig"; path = "Pods/Target Support Files/Pods-CrewstagramUITests/Pods-CrewstagramUITests.debug.xcconfig"; sourceTree = "<group>"; };
		C7031912DC80370D1CC35606 /* Pods-Crewstagram.release.xcconfig */ = {isa = PBXFileReference; includeInIndex = 1; lastKnownFileType = text.xcconfig; name = "Pods-Crewstagram.release.xcconfig"; path = "Pods/Target Support Files/Pods-Crewstagram/Pods-Crewstagram.release.xcconfig"; sourceTree = "<group>"; };
		DE650269E9EB1A0049C58652 /* Pods_Crewstagram.framework */ = {isa = PBXFileReference; explicitFileType = wrapper.framework; includeInIndex = 0; path = Pods_Crewstagram.framework; sourceTree = BUILT_PRODUCTS_DIR; };
		F1093663EE1F2F5C8194FE2C /* Pods_CrewstagramUITests.framework */ = {isa = PBXFileReference; explicitFileType = wrapper.framework; includeInIndex = 0; path = Pods_CrewstagramUITests.framework; sourceTree = BUILT_PRODUCTS_DIR; };
/* End PBXFileReference section */

/* Begin PBXFrameworksBuildPhase section */
		242C61AD1F889DDC0086B81D /* Frameworks */ = {
			isa = PBXFrameworksBuildPhase;
			buildActionMask = 2147483647;
			files = (
				898005D62C2E407C1F7E07B9 /* Pods_Crewstagram.framework in Frameworks */,
			);
			runOnlyForDeploymentPostprocessing = 0;
		};
		242C61C41F889DDC0086B81D /* Frameworks */ = {
			isa = PBXFrameworksBuildPhase;
			buildActionMask = 2147483647;
			files = (
				18B66F30D40841EF7F2B36FA /* Pods_CrewstagramTests.framework in Frameworks */,
			);
			runOnlyForDeploymentPostprocessing = 0;
		};
		242C61CF1F889DDC0086B81D /* Frameworks */ = {
			isa = PBXFrameworksBuildPhase;
			buildActionMask = 2147483647;
			files = (
				E96BFD72E02E5E1233384599 /* Pods_CrewstagramUITests.framework in Frameworks */,
			);
			runOnlyForDeploymentPostprocessing = 0;
		};
/* End PBXFrameworksBuildPhase section */

/* Begin PBXGroup section */
		242C61A71F889DDC0086B81D = {
			isa = PBXGroup;
			children = (
				242C61B21F889DDC0086B81D /* Crewstagram */,
				242C61CA1F889DDC0086B81D /* CrewstagramTests */,
				242C61D51F889DDC0086B81D /* CrewstagramUITests */,
				242C61B11F889DDC0086B81D /* Products */,
				9EDA4A74E6BAB747693DA942 /* Pods */,
				4991E32CAEF22FDB76F5B52B /* Frameworks */,
			);
			sourceTree = "<group>";
		};
		242C61B11F889DDC0086B81D /* Products */ = {
			isa = PBXGroup;
			children = (
				242C61B01F889DDC0086B81D /* Crewstagram.app */,
				242C61C71F889DDC0086B81D /* CrewstagramTests.xctest */,
				242C61D21F889DDC0086B81D /* CrewstagramUITests.xctest */,
			);
			name = Products;
			sourceTree = "<group>";
		};
		242C61B21F889DDC0086B81D /* Crewstagram */ = {
			isa = PBXGroup;
			children = (
				245E5E361F89C41F003F370C /* Networking */,
				242C620A1F89916B0086B81D /* Core Data */,
				242C62001F8988A60086B81D /* View Controllers */,
				242C61F01F88A2A60086B81D /* Models */,
				242C61B31F889DDC0086B81D /* AppDelegate.swift */,
				242C61B71F889DDC0086B81D /* Main.storyboard */,
				242C61BD1F889DDC0086B81D /* Assets.xcassets */,
				242C61BF1F889DDC0086B81D /* LaunchScreen.storyboard */,
				242C61C21F889DDC0086B81D /* Info.plist */,
				242C62041F8989170086B81D /* CrewImageTableViewCell.swift */,
			);
			path = Crewstagram;
			sourceTree = "<group>";
		};
		242C61CA1F889DDC0086B81D /* CrewstagramTests */ = {
			isa = PBXGroup;
			children = (
				242C61CB1F889DDC0086B81D /* CrewstagramTests.swift */,
				242C61CD1F889DDC0086B81D /* Info.plist */,
			);
			path = CrewstagramTests;
			sourceTree = "<group>";
		};
		242C61D51F889DDC0086B81D /* CrewstagramUITests */ = {
			isa = PBXGroup;
			children = (
				242C61D61F889DDC0086B81D /* CrewstagramUITests.swift */,
				242C61D81F889DDC0086B81D /* Info.plist */,
			);
			path = CrewstagramUITests;
			sourceTree = "<group>";
		};
		242C61F01F88A2A60086B81D /* Models */ = {
			isa = PBXGroup;
			children = (
				242C61F11F88A5540086B81D /* Comment+CoreDataClass.swift */,
				242C61F21F88A5540086B81D /* Comment+CoreDataProperties.swift */,
				242C61F31F88A5540086B81D /* CrewImage+CoreDataClass.swift */,
				242C61F41F88A5540086B81D /* CrewImage+CoreDataProperties.swift */,
			);
			path = Models;
			sourceTree = "<group>";
		};
		242C62001F8988A60086B81D /* View Controllers */ = {
			isa = PBXGroup;
			children = (
				242C62011F8988CF0086B81D /* RootViewController.swift */,
			);
			path = "View Controllers";
			sourceTree = "<group>";
		};
		242C620A1F89916B0086B81D /* Core Data */ = {
			isa = PBXGroup;
			children = (
				242C61BA1F889DDC0086B81D /* Crewstagram.xcdatamodeld */,
				242C620B1F89936E0086B81D /* CoreDataStack.swift */,
			);
			path = "Core Data";
			sourceTree = "<group>";
		};
		245E5E361F89C41F003F370C /* Networking */ = {
			isa = PBXGroup;
			children = (
			);
			path = Networking;
			sourceTree = "<group>";
		};
		4991E32CAEF22FDB76F5B52B /* Frameworks */ = {
			isa = PBXGroup;
			children = (
				DE650269E9EB1A0049C58652 /* Pods_Crewstagram.framework */,
				6FA99449DFFC38DDA89F8154 /* Pods_CrewstagramTests.framework */,
				F1093663EE1F2F5C8194FE2C /* Pods_CrewstagramUITests.framework */,
			);
			name = Frameworks;
			sourceTree = "<group>";
		};
		9EDA4A74E6BAB747693DA942 /* Pods */ = {
			isa = PBXGroup;
			children = (
				580CC457DF396C8A6234B91B /* Pods-Crewstagram.debug.xcconfig */,
				C7031912DC80370D1CC35606 /* Pods-Crewstagram.release.xcconfig */,
				57249B445C716AE414966804 /* Pods-CrewstagramTests.debug.xcconfig */,
				4A45A23A161535C30F312570 /* Pods-CrewstagramTests.release.xcconfig */,
				B68CCC1EB7734E6A997A4F4F /* Pods-CrewstagramUITests.debug.xcconfig */,
				8E3C6AA1A357AE79DF613BF7 /* Pods-CrewstagramUITests.release.xcconfig */,
			);
			name = Pods;
			sourceTree = "<group>";
		};
/* End PBXGroup section */

/* Begin PBXNativeTarget section */
		242C61AF1F889DDC0086B81D /* Crewstagram */ = {
			isa = PBXNativeTarget;
			buildConfigurationList = 242C61DB1F889DDC0086B81D /* Build configuration list for PBXNativeTarget "Crewstagram" */;
			buildPhases = (
				45DED0B681B473B5BC19D748 /* [CP] Check Pods Manifest.lock */,
				242C61AC1F889DDC0086B81D /* Sources */,
				242C61AD1F889DDC0086B81D /* Frameworks */,
				242C61AE1F889DDC0086B81D /* Resources */,
				DC8D98A1BCD1CFA315E95AC3 /* [CP] Embed Pods Frameworks */,
				9E98D08303E01940D9626F30 /* [CP] Copy Pods Resources */,
			);
			buildRules = (
			);
			dependencies = (
			);
			name = Crewstagram;
			productName = Crewstagram;
			productReference = 242C61B01F889DDC0086B81D /* Crewstagram.app */;
			productType = "com.apple.product-type.application";
		};
		242C61C61F889DDC0086B81D /* CrewstagramTests */ = {
			isa = PBXNativeTarget;
			buildConfigurationList = 242C61DE1F889DDC0086B81D /* Build configuration list for PBXNativeTarget "CrewstagramTests" */;
			buildPhases = (
				51CC3F04E88C1FFB311FFA95 /* [CP] Check Pods Manifest.lock */,
				242C61C31F889DDC0086B81D /* Sources */,
				242C61C41F889DDC0086B81D /* Frameworks */,
				242C61C51F889DDC0086B81D /* Resources */,
				67704D3FD3DE3AFB94B1F877 /* [CP] Embed Pods Frameworks */,
				1870A879AD766B9B2A208842 /* [CP] Copy Pods Resources */,
			);
			buildRules = (
			);
			dependencies = (
				242C61C91F889DDC0086B81D /* PBXTargetDependency */,
			);
			name = CrewstagramTests;
			productName = CrewstagramTests;
			productReference = 242C61C71F889DDC0086B81D /* CrewstagramTests.xctest */;
			productType = "com.apple.product-type.bundle.unit-test";
		};
		242C61D11F889DDC0086B81D /* CrewstagramUITests */ = {
			isa = PBXNativeTarget;
			buildConfigurationList = 242C61E11F889DDC0086B81D /* Build configuration list for PBXNativeTarget "CrewstagramUITests" */;
			buildPhases = (
				B5EDD57BA8CF057BB7E23389 /* [CP] Check Pods Manifest.lock */,
				242C61CE1F889DDC0086B81D /* Sources */,
				242C61CF1F889DDC0086B81D /* Frameworks */,
				242C61D01F889DDC0086B81D /* Resources */,
				685A07319D9766DE78EAFA49 /* [CP] Copy Pods Resources */,
			);
			buildRules = (
			);
			dependencies = (
				242C61D41F889DDC0086B81D /* PBXTargetDependency */,
			);
			name = CrewstagramUITests;
			productName = CrewstagramUITests;
			productReference = 242C61D21F889DDC0086B81D /* CrewstagramUITests.xctest */;
			productType = "com.apple.product-type.bundle.ui-testing";
		};
/* End PBXNativeTarget section */

/* Begin PBXProject section */
		242C61A81F889DDC0086B81D /* Project object */ = {
			isa = PBXProject;
			attributes = {
				LastSwiftUpdateCheck = 0900;
				LastUpgradeCheck = 0900;
				ORGANIZATIONNAME = "Grunt Software";
				TargetAttributes = {
					242C61AF1F889DDC0086B81D = {
						CreatedOnToolsVersion = 9.0;
						ProvisioningStyle = Automatic;
					};
					242C61C61F889DDC0086B81D = {
						CreatedOnToolsVersion = 9.0;
						ProvisioningStyle = Automatic;
						TestTargetID = 242C61AF1F889DDC0086B81D;
					};
					242C61D11F889DDC0086B81D = {
						CreatedOnToolsVersion = 9.0;
						ProvisioningStyle = Automatic;
						TestTargetID = 242C61AF1F889DDC0086B81D;
					};
				};
			};
			buildConfigurationList = 242C61AB1F889DDC0086B81D /* Build configuration list for PBXProject "Crewstagram" */;
			compatibilityVersion = "Xcode 8.0";
			developmentRegion = en;
			hasScannedForEncodings = 0;
			knownRegions = (
				en,
				Base,
			);
			mainGroup = 242C61A71F889DDC0086B81D;
			productRefGroup = 242C61B11F889DDC0086B81D /* Products */;
			projectDirPath = "";
			projectRoot = "";
			targets = (
				242C61AF1F889DDC0086B81D /* Crewstagram */,
				242C61C61F889DDC0086B81D /* CrewstagramTests */,
				242C61D11F889DDC0086B81D /* CrewstagramUITests */,
			);
		};
/* End PBXProject section */

/* Begin PBXResourcesBuildPhase section */
		242C61AE1F889DDC0086B81D /* Resources */ = {
			isa = PBXResourcesBuildPhase;
			buildActionMask = 2147483647;
			files = (
				242C61C11F889DDC0086B81D /* LaunchScreen.storyboard in Resources */,
				242C61BE1F889DDC0086B81D /* Assets.xcassets in Resources */,
				242C61B91F889DDC0086B81D /* Main.storyboard in Resources */,
			);
			runOnlyForDeploymentPostprocessing = 0;
		};
		242C61C51F889DDC0086B81D /* Resources */ = {
			isa = PBXResourcesBuildPhase;
			buildActionMask = 2147483647;
			files = (
			);
			runOnlyForDeploymentPostprocessing = 0;
		};
		242C61D01F889DDC0086B81D /* Resources */ = {
			isa = PBXResourcesBuildPhase;
			buildActionMask = 2147483647;
			files = (
			);
			runOnlyForDeploymentPostprocessing = 0;
		};
/* End PBXResourcesBuildPhase section */

/* Begin PBXShellScriptBuildPhase section */
		1870A879AD766B9B2A208842 /* [CP] Copy Pods Resources */ = {
			isa = PBXShellScriptBuildPhase;
			buildActionMask = 2147483647;
			files = (
			);
			inputPaths = (
			);
			name = "[CP] Copy Pods Resources";
			outputPaths = (
			);
			runOnlyForDeploymentPostprocessing = 0;
			shellPath = /bin/sh;
			shellScript = "\"${SRCROOT}/Pods/Target Support Files/Pods-CrewstagramTests/Pods-CrewstagramTests-resources.sh\"\n";
			showEnvVarsInLog = 0;
		};
		45DED0B681B473B5BC19D748 /* [CP] Check Pods Manifest.lock */ = {
			isa = PBXShellScriptBuildPhase;
			buildActionMask = 2147483647;
			files = (
			);
			inputPaths = (
			);
			name = "[CP] Check Pods Manifest.lock";
			outputPaths = (
			);
			runOnlyForDeploymentPostprocessing = 0;
			shellPath = /bin/sh;
			shellScript = "diff \"${PODS_ROOT}/../Podfile.lock\" \"${PODS_ROOT}/Manifest.lock\" > /dev/null\nif [[ $? != 0 ]] ; then\n    cat << EOM\nerror: The sandbox is not in sync with the Podfile.lock. Run 'pod install' or update your CocoaPods installation.\nEOM\n    exit 1\nfi\n";
			showEnvVarsInLog = 0;
		};
		51CC3F04E88C1FFB311FFA95 /* [CP] Check Pods Manifest.lock */ = {
			isa = PBXShellScriptBuildPhase;
			buildActionMask = 2147483647;
			files = (
			);
			inputPaths = (
			);
			name = "[CP] Check Pods Manifest.lock";
			outputPaths = (
			);
			runOnlyForDeploymentPostprocessing = 0;
			shellPath = /bin/sh;
			shellScript = "diff \"${PODS_ROOT}/../Podfile.lock\" \"${PODS_ROOT}/Manifest.lock\" > /dev/null\nif [[ $? != 0 ]] ; then\n    cat << EOM\nerror: The sandbox is not in sync with the Podfile.lock. Run 'pod install' or update your CocoaPods installation.\nEOM\n    exit 1\nfi\n";
			showEnvVarsInLog = 0;
		};
		67704D3FD3DE3AFB94B1F877 /* [CP] Embed Pods Frameworks */ = {
			isa = PBXShellScriptBuildPhase;
			buildActionMask = 2147483647;
			files = (
			);
			inputPaths = (
			);
			name = "[CP] Embed Pods Frameworks";
			outputPaths = (
			);
			runOnlyForDeploymentPostprocessing = 0;
			shellPath = /bin/sh;
			shellScript = "\"${SRCROOT}/Pods/Target Support Files/Pods-CrewstagramTests/Pods-CrewstagramTests-frameworks.sh\"\n";
			showEnvVarsInLog = 0;
		};
		685A07319D9766DE78EAFA49 /* [CP] Copy Pods Resources */ = {
			isa = PBXShellScriptBuildPhase;
			buildActionMask = 2147483647;
			files = (
			);
			inputPaths = (
			);
			name = "[CP] Copy Pods Resources";
			outputPaths = (
			);
			runOnlyForDeploymentPostprocessing = 0;
			shellPath = /bin/sh;
			shellScript = "\"${SRCROOT}/Pods/Target Support Files/Pods-CrewstagramUITests/Pods-CrewstagramUITests-resources.sh\"\n";
			showEnvVarsInLog = 0;
		};
		9E98D08303E01940D9626F30 /* [CP] Copy Pods Resources */ = {
			isa = PBXShellScriptBuildPhase;
			buildActionMask = 2147483647;
			files = (
			);
			inputPaths = (
			);
			name = "[CP] Copy Pods Resources";
			outputPaths = (
			);
			runOnlyForDeploymentPostprocessing = 0;
			shellPath = /bin/sh;
			shellScript = "\"${SRCROOT}/Pods/Target Support Files/Pods-Crewstagram/Pods-Crewstagram-resources.sh\"\n";
			showEnvVarsInLog = 0;
		};
		B5EDD57BA8CF057BB7E23389 /* [CP] Check Pods Manifest.lock */ = {
			isa = PBXShellScriptBuildPhase;
			buildActionMask = 2147483647;
			files = (
			);
			inputPaths = (
			);
			name = "[CP] Check Pods Manifest.lock";
			outputPaths = (
			);
			runOnlyForDeploymentPostprocessing = 0;
			shellPath = /bin/sh;
			shellScript = "diff \"${PODS_ROOT}/../Podfile.lock\" \"${PODS_ROOT}/Manifest.lock\" > /dev/null\nif [[ $? != 0 ]] ; then\n    cat << EOM\nerror: The sandbox is not in sync with the Podfile.lock. Run 'pod install' or update your CocoaPods installation.\nEOM\n    exit 1\nfi\n";
			showEnvVarsInLog = 0;
		};
		DC8D98A1BCD1CFA315E95AC3 /* [CP] Embed Pods Frameworks */ = {
			isa = PBXShellScriptBuildPhase;
			buildActionMask = 2147483647;
			files = (
			);
			inputPaths = (
			);
			name = "[CP] Embed Pods Frameworks";
			outputPaths = (
			);
			runOnlyForDeploymentPostprocessing = 0;
			shellPath = /bin/sh;
			shellScript = "\"${SRCROOT}/Pods/Target Support Files/Pods-Crewstagram/Pods-Crewstagram-frameworks.sh\"\n";
			showEnvVarsInLog = 0;
		};
/* End PBXShellScriptBuildPhase section */

/* Begin PBXSourcesBuildPhase section */
		242C61AC1F889DDC0086B81D /* Sources */ = {
			isa = PBXSourcesBuildPhase;
			buildActionMask = 2147483647;
			files = (
				242C61F51F88A5540086B81D /* Comment+CoreDataClass.swift in Sources */,
				242C61FB1F88A5540086B81D /* CrewImage+CoreDataProperties.swift in Sources */,
				242C61F91F88A5540086B81D /* CrewImage+CoreDataClass.swift in Sources */,
				242C620C1F89936E0086B81D /* CoreDataStack.swift in Sources */,
				242C62021F8988CF0086B81D /* RootViewController.swift in Sources */,
				242C61BC1F889DDC0086B81D /* Crewstagram.xcdatamodeld in Sources */,
				242C61B41F889DDC0086B81D /* AppDelegate.swift in Sources */,
				242C62051F8989170086B81D /* CrewImageTableViewCell.swift in Sources */,
				242C61F71F88A5540086B81D /* Comment+CoreDataProperties.swift in Sources */,
			);
			runOnlyForDeploymentPostprocessing = 0;
		};
		242C61C31F889DDC0086B81D /* Sources */ = {
			isa = PBXSourcesBuildPhase;
			buildActionMask = 2147483647;
			files = (
				242C61FC1F88A5540086B81D /* CrewImage+CoreDataProperties.swift in Sources */,
				242C61FA1F88A5540086B81D /* CrewImage+CoreDataClass.swift in Sources */,
				242C62031F8988CF0086B81D /* RootViewController.swift in Sources */,
				242C61CC1F889DDC0086B81D /* CrewstagramTests.swift in Sources */,
				242C61F81F88A5540086B81D /* Comment+CoreDataProperties.swift in Sources */,
				242C61F61F88A5540086B81D /* Comment+CoreDataClass.swift in Sources */,
				242C62061F8989170086B81D /* CrewImageTableViewCell.swift in Sources */,
				242C620D1F89936E0086B81D /* CoreDataStack.swift in Sources */,
			);
			runOnlyForDeploymentPostprocessing = 0;
		};
		242C61CE1F889DDC0086B81D /* Sources */ = {
			isa = PBXSourcesBuildPhase;
			buildActionMask = 2147483647;
			files = (
				242C61D71F889DDC0086B81D /* CrewstagramUITests.swift in Sources */,
			);
			runOnlyForDeploymentPostprocessing = 0;
		};
/* End PBXSourcesBuildPhase section */

/* Begin PBXTargetDependency section */
		242C61C91F889DDC0086B81D /* PBXTargetDependency */ = {
			isa = PBXTargetDependency;
			target = 242C61AF1F889DDC0086B81D /* Crewstagram */;
			targetProxy = 242C61C81F889DDC0086B81D /* PBXContainerItemProxy */;
		};
		242C61D41F889DDC0086B81D /* PBXTargetDependency */ = {
			isa = PBXTargetDependency;
			target = 242C61AF1F889DDC0086B81D /* Crewstagram */;
			targetProxy = 242C61D31F889DDC0086B81D /* PBXContainerItemProxy */;
		};
/* End PBXTargetDependency section */

/* Begin PBXVariantGroup section */
		242C61B71F889DDC0086B81D /* Main.storyboard */ = {
			isa = PBXVariantGroup;
			children = (
				242C61B81F889DDC0086B81D /* Base */,
			);
			name = Main.storyboard;
			sourceTree = "<group>";
		};
		242C61BF1F889DDC0086B81D /* LaunchScreen.storyboard */ = {
			isa = PBXVariantGroup;
			children = (
				242C61C01F889DDC0086B81D /* Base */,
			);
			name = LaunchScreen.storyboard;
			sourceTree = "<group>";
		};
/* End PBXVariantGroup section */

/* Begin XCBuildConfiguration section */
		242C61D91F889DDC0086B81D /* Debug */ = {
			isa = XCBuildConfiguration;
			buildSettings = {
				ALWAYS_SEARCH_USER_PATHS = NO;
				CLANG_ANALYZER_NONNULL = YES;
				CLANG_ANALYZER_NUMBER_OBJECT_CONVERSION = YES_AGGRESSIVE;
				CLANG_CXX_LANGUAGE_STANDARD = "gnu++14";
				CLANG_CXX_LIBRARY = "libc++";
				CLANG_ENABLE_MODULES = YES;
				CLANG_ENABLE_OBJC_ARC = YES;
				CLANG_WARN_BLOCK_CAPTURE_AUTORELEASING = YES;
				CLANG_WARN_BOOL_CONVERSION = YES;
				CLANG_WARN_COMMA = YES;
				CLANG_WARN_CONSTANT_CONVERSION = YES;
				CLANG_WARN_DIRECT_OBJC_ISA_USAGE = YES_ERROR;
				CLANG_WARN_DOCUMENTATION_COMMENTS = YES;
				CLANG_WARN_EMPTY_BODY = YES;
				CLANG_WARN_ENUM_CONVERSION = YES;
				CLANG_WARN_INFINITE_RECURSION = YES;
				CLANG_WARN_INT_CONVERSION = YES;
				CLANG_WARN_NON_LITERAL_NULL_CONVERSION = YES;
				CLANG_WARN_OBJC_LITERAL_CONVERSION = YES;
				CLANG_WARN_OBJC_ROOT_CLASS = YES_ERROR;
				CLANG_WARN_RANGE_LOOP_ANALYSIS = YES;
				CLANG_WARN_STRICT_PROTOTYPES = YES;
				CLANG_WARN_SUSPICIOUS_MOVE = YES;
				CLANG_WARN_UNGUARDED_AVAILABILITY = YES_AGGRESSIVE;
				CLANG_WARN_UNREACHABLE_CODE = YES;
				CLANG_WARN__DUPLICATE_METHOD_MATCH = YES;
				CODE_SIGN_IDENTITY = "iPhone Developer";
				COPY_PHASE_STRIP = NO;
				DEBUG_INFORMATION_FORMAT = dwarf;
				ENABLE_STRICT_OBJC_MSGSEND = YES;
				ENABLE_TESTABILITY = YES;
				GCC_C_LANGUAGE_STANDARD = gnu11;
				GCC_DYNAMIC_NO_PIC = NO;
				GCC_NO_COMMON_BLOCKS = YES;
				GCC_OPTIMIZATION_LEVEL = 0;
				GCC_PREPROCESSOR_DEFINITIONS = (
					"DEBUG=1",
					"$(inherited)",
				);
				GCC_WARN_64_TO_32_BIT_CONVERSION = YES;
				GCC_WARN_ABOUT_RETURN_TYPE = YES_ERROR;
				GCC_WARN_UNDECLARED_SELECTOR = YES;
				GCC_WARN_UNINITIALIZED_AUTOS = YES_AGGRESSIVE;
				GCC_WARN_UNUSED_FUNCTION = YES;
				GCC_WARN_UNUSED_VARIABLE = YES;
				IPHONEOS_DEPLOYMENT_TARGET = 11.0;
				MTL_ENABLE_DEBUG_INFO = YES;
				ONLY_ACTIVE_ARCH = YES;
				SDKROOT = iphoneos;
				SWIFT_ACTIVE_COMPILATION_CONDITIONS = DEBUG;
				SWIFT_OPTIMIZATION_LEVEL = "-Onone";
			};
			name = Debug;
		};
		242C61DA1F889DDC0086B81D /* Release */ = {
			isa = XCBuildConfiguration;
			buildSettings = {
				ALWAYS_SEARCH_USER_PATHS = NO;
				CLANG_ANALYZER_NONNULL = YES;
				CLANG_ANALYZER_NUMBER_OBJECT_CONVERSION = YES_AGGRESSIVE;
				CLANG_CXX_LANGUAGE_STANDARD = "gnu++14";
				CLANG_CXX_LIBRARY = "libc++";
				CLANG_ENABLE_MODULES = YES;
				CLANG_ENABLE_OBJC_ARC = YES;
				CLANG_WARN_BLOCK_CAPTURE_AUTORELEASING = YES;
				CLANG_WARN_BOOL_CONVERSION = YES;
				CLANG_WARN_COMMA = YES;
				CLANG_WARN_CONSTANT_CONVERSION = YES;
				CLANG_WARN_DIRECT_OBJC_ISA_USAGE = YES_ERROR;
				CLANG_WARN_DOCUMENTATION_COMMENTS = YES;
				CLANG_WARN_EMPTY_BODY = YES;
				CLANG_WARN_ENUM_CONVERSION = YES;
				CLANG_WARN_INFINITE_RECURSION = YES;
				CLANG_WARN_INT_CONVERSION = YES;
				CLANG_WARN_NON_LITERAL_NULL_CONVERSION = YES;
				CLANG_WARN_OBJC_LITERAL_CONVERSION = YES;
				CLANG_WARN_OBJC_ROOT_CLASS = YES_ERROR;
				CLANG_WARN_RANGE_LOOP_ANALYSIS = YES;
				CLANG_WARN_STRICT_PROTOTYPES = YES;
				CLANG_WARN_SUSPICIOUS_MOVE = YES;
				CLANG_WARN_UNGUARDED_AVAILABILITY = YES_AGGRESSIVE;
				CLANG_WARN_UNREACHABLE_CODE = YES;
				CLANG_WARN__DUPLICATE_METHOD_MATCH = YES;
				CODE_SIGN_IDENTITY = "iPhone Developer";
				COPY_PHASE_STRIP = NO;
				DEBUG_INFORMATION_FORMAT = "dwarf-with-dsym";
				ENABLE_NS_ASSERTIONS = NO;
				ENABLE_STRICT_OBJC_MSGSEND = YES;
				GCC_C_LANGUAGE_STANDARD = gnu11;
				GCC_NO_COMMON_BLOCKS = YES;
				GCC_WARN_64_TO_32_BIT_CONVERSION = YES;
				GCC_WARN_ABOUT_RETURN_TYPE = YES_ERROR;
				GCC_WARN_UNDECLARED_SELECTOR = YES;
				GCC_WARN_UNINITIALIZED_AUTOS = YES_AGGRESSIVE;
				GCC_WARN_UNUSED_FUNCTION = YES;
				GCC_WARN_UNUSED_VARIABLE = YES;
				IPHONEOS_DEPLOYMENT_TARGET = 11.0;
				MTL_ENABLE_DEBUG_INFO = NO;
				SDKROOT = iphoneos;
				SWIFT_OPTIMIZATION_LEVEL = "-Owholemodule";
				VALIDATE_PRODUCT = YES;
			};
			name = Release;
		};
		242C61DC1F889DDC0086B81D /* Debug */ = {
			isa = XCBuildConfiguration;
			baseConfigurationReference = 580CC457DF396C8A6234B91B /* Pods-Crewstagram.debug.xcconfig */;
			buildSettings = {
				ALWAYS_EMBED_SWIFT_STANDARD_LIBRARIES = YES;
				ASSETCATALOG_COMPILER_APPICON_NAME = AppIcon;
				CODE_SIGN_STYLE = Automatic;
				DEVELOPMENT_TEAM = 3E73C93UXE;
				INFOPLIST_FILE = Crewstagram/Info.plist;
				LD_RUNPATH_SEARCH_PATHS = "$(inherited) @executable_path/Frameworks";
				PRODUCT_BUNDLE_IDENTIFIER = "com.grunt-software.Crewstagram";
				PRODUCT_NAME = "$(TARGET_NAME)";
				SWIFT_VERSION = 4.0;
				TARGETED_DEVICE_FAMILY = "1,2";
			};
			name = Debug;
		};
		242C61DD1F889DDC0086B81D /* Release */ = {
			isa = XCBuildConfiguration;
			baseConfigurationReference = C7031912DC80370D1CC35606 /* Pods-Crewstagram.release.xcconfig */;
			buildSettings = {
				ALWAYS_EMBED_SWIFT_STANDARD_LIBRARIES = YES;
				ASSETCATALOG_COMPILER_APPICON_NAME = AppIcon;
				CODE_SIGN_STYLE = Automatic;
				DEVELOPMENT_TEAM = 3E73C93UXE;
				INFOPLIST_FILE = Crewstagram/Info.plist;
				LD_RUNPATH_SEARCH_PATHS = "$(inherited) @executable_path/Frameworks";
				PRODUCT_BUNDLE_IDENTIFIER = "com.grunt-software.Crewstagram";
				PRODUCT_NAME = "$(TARGET_NAME)";
				SWIFT_VERSION = 4.0;
				TARGETED_DEVICE_FAMILY = "1,2";
			};
			name = Release;
		};
		242C61DF1F889DDC0086B81D /* Debug */ = {
			isa = XCBuildConfiguration;
			baseConfigurationReference = 57249B445C716AE414966804 /* Pods-CrewstagramTests.debug.xcconfig */;
			buildSettings = {
				ALWAYS_EMBED_SWIFT_STANDARD_LIBRARIES = YES;
				BUNDLE_LOADER = "$(TEST_HOST)";
				CODE_SIGN_STYLE = Automatic;
				DEVELOPMENT_TEAM = 3E73C93UXE;
				INFOPLIST_FILE = CrewstagramTests/Info.plist;
				LD_RUNPATH_SEARCH_PATHS = "$(inherited) @executable_path/Frameworks @loader_path/Frameworks";
				PRODUCT_BUNDLE_IDENTIFIER = "com.grunt-software.CrewstagramTests";
				PRODUCT_NAME = "$(TARGET_NAME)";
				SWIFT_VERSION = 4.0;
				TARGETED_DEVICE_FAMILY = "1,2";
				TEST_HOST = "$(BUILT_PRODUCTS_DIR)/Crewstagram.app/Crewstagram";
			};
			name = Debug;
		};
		242C61E01F889DDC0086B81D /* Release */ = {
			isa = XCBuildConfiguration;
			baseConfigurationReference = 4A45A23A161535C30F312570 /* Pods-CrewstagramTests.release.xcconfig */;
			buildSettings = {
				ALWAYS_EMBED_SWIFT_STANDARD_LIBRARIES = YES;
				BUNDLE_LOADER = "$(TEST_HOST)";
				CODE_SIGN_STYLE = Automatic;
				DEVELOPMENT_TEAM = 3E73C93UXE;
				INFOPLIST_FILE = CrewstagramTests/Info.plist;
				LD_RUNPATH_SEARCH_PATHS = "$(inherited) @executable_path/Frameworks @loader_path/Frameworks";
				PRODUCT_BUNDLE_IDENTIFIER = "com.grunt-software.CrewstagramTests";
				PRODUCT_NAME = "$(TARGET_NAME)";
				SWIFT_VERSION = 4.0;
				TARGETED_DEVICE_FAMILY = "1,2";
				TEST_HOST = "$(BUILT_PRODUCTS_DIR)/Crewstagram.app/Crewstagram";
			};
			name = Release;
		};
		242C61E21F889DDC0086B81D /* Debug */ = {
			isa = XCBuildConfiguration;
			baseConfigurationReference = B68CCC1EB7734E6A997A4F4F /* Pods-CrewstagramUITests.debug.xcconfig */;
			buildSettings = {
				ALWAYS_EMBED_SWIFT_STANDARD_LIBRARIES = YES;
				CODE_SIGN_STYLE = Automatic;
				DEVELOPMENT_TEAM = 3E73C93UXE;
				INFOPLIST_FILE = CrewstagramUITests/Info.plist;
				LD_RUNPATH_SEARCH_PATHS = "$(inherited) @executable_path/Frameworks @loader_path/Frameworks";
				PRODUCT_BUNDLE_IDENTIFIER = "com.grunt-software.CrewstagramUITests";
				PRODUCT_NAME = "$(TARGET_NAME)";
				SWIFT_VERSION = 4.0;
				TARGETED_DEVICE_FAMILY = "1,2";
				TEST_TARGET_NAME = Crewstagram;
			};
			name = Debug;
		};
		242C61E31F889DDC0086B81D /* Release */ = {
			isa = XCBuildConfiguration;
			baseConfigurationReference = 8E3C6AA1A357AE79DF613BF7 /* Pods-CrewstagramUITests.release.xcconfig */;
			buildSettings = {
				ALWAYS_EMBED_SWIFT_STANDARD_LIBRARIES = YES;
				CODE_SIGN_STYLE = Automatic;
				DEVELOPMENT_TEAM = 3E73C93UXE;
				INFOPLIST_FILE = CrewstagramUITests/Info.plist;
				LD_RUNPATH_SEARCH_PATHS = "$(inherited) @executable_path/Frameworks @loader_path/Frameworks";
				PRODUCT_BUNDLE_IDENTIFIER = "com.grunt-software.CrewstagramUITests";
				PRODUCT_NAME = "$(TARGET_NAME)";
				SWIFT_VERSION = 4.0;
				TARGETED_DEVICE_FAMILY = "1,2";
				TEST_TARGET_NAME = Crewstagram;
			};
			name = Release;
		};
/* End XCBuildConfiguration section */

/* Begin XCConfigurationList section */
		242C61AB1F889DDC0086B81D /* Build configuration list for PBXProject "Crewstagram" */ = {
			isa = XCConfigurationList;
			buildConfigurations = (
				242C61D91F889DDC0086B81D /* Debug */,
				242C61DA1F889DDC0086B81D /* Release */,
			);
			defaultConfigurationIsVisible = 0;
			defaultConfigurationName = Release;
		};
		242C61DB1F889DDC0086B81D /* Build configuration list for PBXNativeTarget "Crewstagram" */ = {
			isa = XCConfigurationList;
			buildConfigurations = (
				242C61DC1F889DDC0086B81D /* Debug */,
				242C61DD1F889DDC0086B81D /* Release */,
			);
			defaultConfigurationIsVisible = 0;
			defaultConfigurationName = Release;
		};
		242C61DE1F889DDC0086B81D /* Build configuration list for PBXNativeTarget "CrewstagramTests" */ = {
			isa = XCConfigurationList;
			buildConfigurations = (
				242C61DF1F889DDC0086B81D /* Debug */,
				242C61E01F889DDC0086B81D /* Release */,
			);
			defaultConfigurationIsVisible = 0;
			defaultConfigurationName = Release;
		};
		242C61E11F889DDC0086B81D /* Build configuration list for PBXNativeTarget "CrewstagramUITests" */ = {
			isa = XCConfigurationList;
			buildConfigurations = (
				242C61E21F889DDC0086B81D /* Debug */,
				242C61E31F889DDC0086B81D /* Release */,
			);
			defaultConfigurationIsVisible = 0;
			defaultConfigurationName = Release;
		};
/* End XCConfigurationList section */

/* Begin XCVersionGroup section */
		242C61BA1F889DDC0086B81D /* Crewstagram.xcdatamodeld */ = {
			isa = XCVersionGroup;
			children = (
				242C61BB1F889DDC0086B81D /* Crewstagram.xcdatamodel */,
			);
			currentVersion = 242C61BB1F889DDC0086B81D /* Crewstagram.xcdatamodel */;
			path = Crewstagram.xcdatamodeld;
			sourceTree = "<group>";
			versionGroupType = wrapper.xcdatamodel;
		};
/* End XCVersionGroup section */
	};
	rootObject = 242C61A81F889DDC0086B81D /* Project object */;
}
